<?xml version="1.0" encoding="utf-8"?>
<Project ToolsVersion="4.0" xmlns="http://schemas.microsoft.com/developer/msbuild/2003">
  <ItemGroup>
    <Filter Include="cprep">
      <UniqueIdentifier>{9b5935cf-d821-4b78-9f6d-df3403eb8372}</UniqueIdentifier>
    </Filter>
    <Filter Include="libcpp">
      <UniqueIdentifier>{edfa8511-4106-4944-93f8-fa1281f5d822}</UniqueIdentifier>
    </Filter>
    <Filter Include="libcpp\include">
      <UniqueIdentifier>{f50678ee-69d4-425b-b0ab-4555444e53fb}</UniqueIdentifier>
    </Filter>
  </ItemGroup>
  <ItemGroup>
    <ClInclude Include="libcpp\ansidecl.h">
      <Filter>libcpp</Filter>
    </ClInclude>
    <ClInclude Include="libcpp\config.h">
      <Filter>libcpp</Filter>
    </ClInclude>
    <ClInclude Include="libcpp\filenames.h">
      <Filter>libcpp</Filter>
    </ClInclude>
    <ClInclude Include="libcpp\hashtab.h">
      <Filter>libcpp</Filter>
    </ClInclude>
    <ClInclude Include="libcpp\internal.h">
      <Filter>libcpp</Filter>
    </ClInclude>
    <ClInclude Include="libcpp\localedir.h">
      <Filter>libcpp</Filter>
    </ClInclude>
    <ClInclude Include="libcpp\safe-ctype.h">
      <Filter>libcpp</Filter>
    </ClInclude>
    <ClInclude Include="libcpp\system.h">
      <Filter>libcpp</Filter>
    </ClInclude>
    <ClInclude Include="libcpp\ucnid.h">
      <Filter>libcpp</Filter>
    </ClInclude>
    <ClInclude Include="libcpp\include\cpp-id-data.h">
      <Filter>libcpp\include</Filter>
    </ClInclude>
    <ClInclude Include="libcpp\include\cpplib.h">
      <Filter>libcpp\include</Filter>
    </ClInclude>
    <ClInclude Include="libcpp\include\libiberty.h">
      <Filter>libcpp\include</Filter>
    </ClInclude>
    <ClInclude Include="libcpp\include\line-map.h">
      <Filter>libcpp\include</Filter>
    </ClInclude>
    <ClInclude Include="libcpp\include\md5.h">
      <Filter>libcpp\include</Filter>
    </ClInclude>
    <ClInclude Include="libcpp\include\mkdeps.h">
      <Filter>libcpp\include</Filter>
    </ClInclude>
    <ClInclude Include="libcpp\include\obstack.h">
      <Filter>libcpp\include</Filter>
    </ClInclude>
    <ClInclude Include="libcpp\include\symtab.h">
      <Filter>libcpp\include</Filter>
    </ClInclude>
  </ItemGroup>
  <ItemGroup>
    <ClCompile Include="libcpp\charset.cpp">
      <Filter>libcpp</Filter>
    </ClCompile>
    <ClCompile Include="libcpp\directives.cpp">
      <Filter>libcpp</Filter>
    </ClCompile>
    <ClCompile Include="libcpp\directives-only.cpp">
      <Filter>libcpp</Filter>
    </ClCompile>
    <ClCompile Include="libcpp\errors.cpp">
      <Filter>libcpp</Filter>
    </ClCompile>
    <ClCompile Include="libcpp\expr.cpp">
      <Filter>libcpp</Filter>
    </ClCompile>
    <ClCompile Include="libcpp\files.cpp">
      <Filter>libcpp</Filter>
    </ClCompile>
    <ClCompile Include="libcpp\identifiers.cpp">
      <Filter>libcpp</Filter>
    </ClCompile>
    <ClCompile Include="libcpp\init.cpp">
      <Filter>libcpp</Filter>
    </ClCompile>
    <ClCompile Include="libcpp\lex.cpp">
      <Filter>libcpp</Filter>
    </ClCompile>
    <ClCompile Include="libcpp\line-map.cpp">
      <Filter>libcpp</Filter>
    </ClCompile>
    <ClCompile Include="libcpp\macro.cpp">
      <Filter>libcpp</Filter>
    </ClCompile>
    <ClCompile Include="libcpp\mkdeps.cpp">
      <Filter>libcpp</Filter>
    </ClCompile>
    <ClCompile Include="libcpp\pch.cpp">
      <Filter>libcpp</Filter>
    </ClCompile>
    <ClCompile Include="libcpp\symtab.cpp">
      <Filter>libcpp</Filter>
    </ClCompile>
    <ClCompile Include="libcpp\traditional.cpp">
      <Filter>libcpp</Filter>
    </ClCompile>
    <ClCompile Include="cprep\main.cpp">
      <Filter>cprep</Filter>
    </ClCompile>
    <ClCompile Include="libcpp\libiberty.cpp">
      <Filter>libcpp</Filter>
    </ClCompile>
    <ClCompile Include="libcpp\safe-ctype.c">
      <Filter>libcpp</Filter>
    </ClCompile>
    <ClCompile Include="libcpp\md5.c">
      <Filter>libcpp</Filter>
    </ClCompile>
    <ClCompile Include="libcpp\hashtab.cpp">
      <Filter>libcpp</Filter>
    </ClCompile>
    <ClCompile Include="libcpp\filename_cmp.cpp">
      <Filter>libcpp</Filter>
    </ClCompile>
    <ClCompile Include="libcpp\lrealpath.cpp">
      <Filter>libcpp</Filter>
    </ClCompile>
    <ClCompile Include="libcpp\lbasename.cpp">
      <Filter>libcpp</Filter>
    </ClCompile>
  </ItemGroup>
</Project>