
Microsoft Visual Studio Solution File, Format Version 12.00
# Visual Studio 15
VisualStudioVersion = 15.0.27004.2005
MinimumVisualStudioVersion = 10.0.40219.1
Project("{8BC9CEB8-8B4A-11D0-8D11-00A0C91BC942}") = "gcc-pp", "gcc-pp.vcxproj", "{458C97B6-9738-414B-80CA-2C49D09FBBEB}"
EndProject
Global
	GlobalSection(SolutionConfigurationPlatforms) = preSolution
		Debug|ARM = Debug|ARM
		Debug|x64 = Debug|x64
		Debug|x86 = Debug|x86
		Release|ARM = Release|ARM
		Release|x64 = Release|x64
		Release|x86 = Release|x86
	EndGlobalSection
	GlobalSection(ProjectConfigurationPlatforms) = postSolution
		{458C97B6-9738-414B-80CA-2C49D09FBBEB}.Debug|ARM.ActiveCfg = Debug|ARM
		{458C97B6-9738-414B-80CA-2C49D09FBBEB}.Debug|ARM.Build.0 = Debug|ARM
		{458C97B6-9738-414B-80CA-2C49D09FBBEB}.Debug|x64.ActiveCfg = Debug|x64
		{458C97B6-9738-414B-80CA-2C49D09FBBEB}.Debug|x64.Build.0 = Debug|x64
		{458C97B6-9738-414B-80CA-2C49D09FBBEB}.Debug|x86.ActiveCfg = Debug|x86
		{458C97B6-9738-414B-80CA-2C49D09FBBEB}.Debug|x86.Build.0 = Debug|x86
		{458C97B6-9738-414B-80CA-2C49D09FBBEB}.Release|ARM.ActiveCfg = Release|ARM
		{458C97B6-9738-414B-80CA-2C49D09FBBEB}.Release|ARM.Build.0 = Release|ARM
		{458C97B6-9738-414B-80CA-2C49D09FBBEB}.Release|x64.ActiveCfg = Release|x64
		{458C97B6-9738-414B-80CA-2C49D09FBBEB}.Release|x64.Build.0 = Release|x64
		{458C97B6-9738-414B-80CA-2C49D09FBBEB}.Release|x86.ActiveCfg = Release|x86
		{458C97B6-9738-414B-80CA-2C49D09FBBEB}.Release|x86.Build.0 = Release|x86
	EndGlobalSection
	GlobalSection(SolutionProperties) = preSolution
		HideSolutionNode = FALSE
	EndGlobalSection
	GlobalSection(ExtensibilityGlobals) = postSolution
		SolutionGuid = {E39066D8-DB06-4367-8AEE-32F7395253B5}
	EndGlobalSection
EndGlobal
